
Microsoft Visual Studio Solution File, Format Version 12.00
# Visual Studio Version 16
VisualStudioVersion = 16.0.30413.136
MinimumVisualStudioVersion = 10.0.40219.1
Project("{FAE04EC0-301F-11D3-BF4B-00C04F79EFBC}") = "P01", "P01\P01.csproj", "{846C9584-78E3-497B-96CF-295FEF5488CB}"
EndProject
Project("{FAE04EC0-301F-11D3-BF4B-00C04F79EFBC}") = "P02", "P02\P02.csproj", "{EF8E2431-60A3-4592-B5EC-75509718FFD8}"
EndProject
Project("{9A19103F-16F7-4668-BE54-9A1E7A4F7556}") = "P01K", "P01K\P01K.csproj", "{85B9833C-3DF5-424D-A214-237A8E8B7F15}"
EndProject
Project("{9A19103F-16F7-4668-BE54-9A1E7A4F7556}") = "PoleUtil", "PoleUtil\PoleUtil.csproj", "{BDC991EB-C917-432C-8407-69281D3D1AC3}"
EndProject
Project("{FAE04EC0-301F-11D3-BF4B-00C04F79EFBC}") = "P03", "P03\P03.csproj", "{595F9C11-25B5-4E40-B4AE-4376439768F8}"
EndProject
Project("{FAE04EC0-301F-11D3-BF4B-00C04F79EFBC}") = "P04", "P04\P04.csproj", "{01CA199B-1E48-4922-8BE9-FBFF66ABA0B3}"
EndProject
Project("{9A19103F-16F7-4668-BE54-9A1E7A4F7556}") = "Matematika", "Matematika\Matematika.csproj", "{6BA1527B-6DF0-48E0-96A8-AD6C3938DD78}"
EndProject
Project("{FAE04EC0-301F-11D3-BF4B-00C04F79EFBC}") = "P05", "P05\P05.csproj", "{E03D3551-D2EA-4D98-878C-DBBD0D6E93B9}"
EndProject
Project("{FAE04EC0-301F-11D3-BF4B-00C04F79EFBC}") = "P06", "P06\P06.csproj", "{EA179C35-9310-40A1-B5B3-2DCBBB1264A7}"
EndProject
Project("{FAE04EC0-301F-11D3-BF4B-00C04F79EFBC}") = "P07", "P07\P07.csproj", "{C4525B48-D561-4A35-B6A8-76E1254C5A20}"
EndProject
Project("{FAE04EC0-301F-11D3-BF4B-00C04F79EFBC}") = "P08", "P08\P08.csproj", "{12252267-7CDB-407C-BAEC-A74F4B9DA537}"
EndProject
Project("{FAE04EC0-301F-11D3-BF4B-00C04F79EFBC}") = "RetezUtil", "RetezUtil\RetezUtil.csproj", "{338194B3-71D3-43C5-AF16-5B3AC7DA31A0}"
EndProject
Global
	GlobalSection(SolutionConfigurationPlatforms) = preSolution
		Debug|Any CPU = Debug|Any CPU
		Release|Any CPU = Release|Any CPU
	EndGlobalSection
	GlobalSection(ProjectConfigurationPlatforms) = postSolution
		{846C9584-78E3-497B-96CF-295FEF5488CB}.Debug|Any CPU.ActiveCfg = Debug|Any CPU
		{846C9584-78E3-497B-96CF-295FEF5488CB}.Debug|Any CPU.Build.0 = Debug|Any CPU
		{846C9584-78E3-497B-96CF-295FEF5488CB}.Release|Any CPU.ActiveCfg = Release|Any CPU
		{846C9584-78E3-497B-96CF-295FEF5488CB}.Release|Any CPU.Build.0 = Release|Any CPU
		{EF8E2431-60A3-4592-B5EC-75509718FFD8}.Debug|Any CPU.ActiveCfg = Debug|Any CPU
		{EF8E2431-60A3-4592-B5EC-75509718FFD8}.Debug|Any CPU.Build.0 = Debug|Any CPU
		{EF8E2431-60A3-4592-B5EC-75509718FFD8}.Release|Any CPU.ActiveCfg = Release|Any CPU
		{EF8E2431-60A3-4592-B5EC-75509718FFD8}.Release|Any CPU.Build.0 = Release|Any CPU
		{85B9833C-3DF5-424D-A214-237A8E8B7F15}.Debug|Any CPU.ActiveCfg = Debug|Any CPU
		{85B9833C-3DF5-424D-A214-237A8E8B7F15}.Debug|Any CPU.Build.0 = Debug|Any CPU
		{85B9833C-3DF5-424D-A214-237A8E8B7F15}.Release|Any CPU.ActiveCfg = Release|Any CPU
		{85B9833C-3DF5-424D-A214-237A8E8B7F15}.Release|Any CPU.Build.0 = Release|Any CPU
		{BDC991EB-C917-432C-8407-69281D3D1AC3}.Debug|Any CPU.ActiveCfg = Debug|Any CPU
		{BDC991EB-C917-432C-8407-69281D3D1AC3}.Debug|Any CPU.Build.0 = Debug|Any CPU
		{BDC991EB-C917-432C-8407-69281D3D1AC3}.Release|Any CPU.ActiveCfg = Release|Any CPU
		{BDC991EB-C917-432C-8407-69281D3D1AC3}.Release|Any CPU.Build.0 = Release|Any CPU
		{595F9C11-25B5-4E40-B4AE-4376439768F8}.Debug|Any CPU.ActiveCfg = Debug|Any CPU
		{595F9C11-25B5-4E40-B4AE-4376439768F8}.Debug|Any CPU.Build.0 = Debug|Any CPU
		{595F9C11-25B5-4E40-B4AE-4376439768F8}.Release|Any CPU.ActiveCfg = Release|Any CPU
		{595F9C11-25B5-4E40-B4AE-4376439768F8}.Release|Any CPU.Build.0 = Release|Any CPU
		{01CA199B-1E48-4922-8BE9-FBFF66ABA0B3}.Debug|Any CPU.ActiveCfg = Debug|Any CPU
		{01CA199B-1E48-4922-8BE9-FBFF66ABA0B3}.Debug|Any CPU.Build.0 = Debug|Any CPU
		{01CA199B-1E48-4922-8BE9-FBFF66ABA0B3}.Release|Any CPU.ActiveCfg = Release|Any CPU
		{01CA199B-1E48-4922-8BE9-FBFF66ABA0B3}.Release|Any CPU.Build.0 = Release|Any CPU
		{6BA1527B-6DF0-48E0-96A8-AD6C3938DD78}.Debug|Any CPU.ActiveCfg = Debug|Any CPU
		{6BA1527B-6DF0-48E0-96A8-AD6C3938DD78}.Debug|Any CPU.Build.0 = Debug|Any CPU
		{6BA1527B-6DF0-48E0-96A8-AD6C3938DD78}.Release|Any CPU.ActiveCfg = Release|Any CPU
		{6BA1527B-6DF0-48E0-96A8-AD6C3938DD78}.Release|Any CPU.Build.0 = Release|Any CPU
		{E03D3551-D2EA-4D98-878C-DBBD0D6E93B9}.Debug|Any CPU.ActiveCfg = Debug|Any CPU
		{E03D3551-D2EA-4D98-878C-DBBD0D6E93B9}.Debug|Any CPU.Build.0 = Debug|Any CPU
		{E03D3551-D2EA-4D98-878C-DBBD0D6E93B9}.Release|Any CPU.ActiveCfg = Release|Any CPU
		{E03D3551-D2EA-4D98-878C-DBBD0D6E93B9}.Release|Any CPU.Build.0 = Release|Any CPU
		{EA179C35-9310-40A1-B5B3-2DCBBB1264A7}.Debug|Any CPU.ActiveCfg = Debug|Any CPU
		{EA179C35-9310-40A1-B5B3-2DCBBB1264A7}.Debug|Any CPU.Build.0 = Debug|Any CPU
		{EA179C35-9310-40A1-B5B3-2DCBBB1264A7}.Release|Any CPU.ActiveCfg = Release|Any CPU
		{EA179C35-9310-40A1-B5B3-2DCBBB1264A7}.Release|Any CPU.Build.0 = Release|Any CPU
		{C4525B48-D561-4A35-B6A8-76E1254C5A20}.Debug|Any CPU.ActiveCfg = Debug|Any CPU
		{C4525B48-D561-4A35-B6A8-76E1254C5A20}.Debug|Any CPU.Build.0 = Debug|Any CPU
		{C4525B48-D561-4A35-B6A8-76E1254C5A20}.Release|Any CPU.ActiveCfg = Release|Any CPU
		{C4525B48-D561-4A35-B6A8-76E1254C5A20}.Release|Any CPU.Build.0 = Release|Any CPU
		{12252267-7CDB-407C-BAEC-A74F4B9DA537}.Debug|Any CPU.ActiveCfg = Debug|Any CPU
		{12252267-7CDB-407C-BAEC-A74F4B9DA537}.Debug|Any CPU.Build.0 = Debug|Any CPU
		{12252267-7CDB-407C-BAEC-A74F4B9DA537}.Release|Any CPU.ActiveCfg = Release|Any CPU
		{12252267-7CDB-407C-BAEC-A74F4B9DA537}.Release|Any CPU.Build.0 = Release|Any CPU
		{338194B3-71D3-43C5-AF16-5B3AC7DA31A0}.Debug|Any CPU.ActiveCfg = Debug|Any CPU
		{338194B3-71D3-43C5-AF16-5B3AC7DA31A0}.Debug|Any CPU.Build.0 = Debug|Any CPU
		{338194B3-71D3-43C5-AF16-5B3AC7DA31A0}.Release|Any CPU.ActiveCfg = Release|Any CPU
		{338194B3-71D3-43C5-AF16-5B3AC7DA31A0}.Release|Any CPU.Build.0 = Release|Any CPU
	EndGlobalSection
	GlobalSection(SolutionProperties) = preSolution
		HideSolutionNode = FALSE
	EndGlobalSection
	GlobalSection(ExtensibilityGlobals) = postSolution
		SolutionGuid = {C616DB1F-57B2-4129-B352-41E4E7BFA3CC}
	EndGlobalSection
EndGlobal
